
Microsoft Visual Studio Solution File, Format Version 12.00
# Visual Studio Version 16
VisualStudioVersion = 16.0.31424.327
MinimumVisualStudioVersion = 10.0.40219.1
Project("{FAE04EC0-301F-11D3-BF4B-00C04F79EFBC}") = "BattleshipServer", "BattleshipServer\BattleshipServer.csproj", "{5E87752A-B482-4519-BCC1-DF982D3CF31E}"
EndProject
Project("{FAE04EC0-301F-11D3-BF4B-00C04F79EFBC}") = "BattleshipClient", "BattleshipClient\BattleshipClient.csproj", "{79FC8950-DEC3-4BF1-9995-EE396336947D}"
EndProject
Global
	GlobalSection(SolutionConfigurationPlatforms) = preSolution
		Debug|Any CPU = Debug|Any CPU
		Release|Any CPU = Release|Any CPU
	EndGlobalSection
	GlobalSection(ProjectConfigurationPlatforms) = postSolution
		{5E87752A-B482-4519-BCC1-DF982D3CF31E}.Debug|Any CPU.ActiveCfg = Debug|Any CPU
		{5E87752A-B482-4519-BCC1-DF982D3CF31E}.Debug|Any CPU.Build.0 = Debug|Any CPU
		{5E87752A-B482-4519-BCC1-DF982D3CF31E}.Release|Any CPU.ActiveCfg = Release|Any CPU
		{5E87752A-B482-4519-BCC1-DF982D3CF31E}.Release|Any CPU.Build.0 = Release|Any CPU
		{79FC8950-DEC3-4BF1-9995-EE396336947D}.Debug|Any CPU.ActiveCfg = Debug|Any CPU
		{79FC8950-DEC3-4BF1-9995-EE396336947D}.Debug|Any CPU.Build.0 = Debug|Any CPU
		{79FC8950-DEC3-4BF1-9995-EE396336947D}.Release|Any CPU.ActiveCfg = Release|Any CPU
		{79FC8950-DEC3-4BF1-9995-EE396336947D}.Release|Any CPU.Build.0 = Release|Any CPU
	EndGlobalSection
	GlobalSection(SolutionProperties) = preSolution
		HideSolutionNode = FALSE
	EndGlobalSection
	GlobalSection(ExtensibilityGlobals) = postSolution
		SolutionGuid = {826BD701-9F79-4840-BD72-DA1501E173EF}
	EndGlobalSection
EndGlobal
